
Microsoft Visual Studio Solution File, Format Version 12.00
# Visual Studio Version 16
VisualStudioVersion = 16.0.30907.101
MinimumVisualStudioVersion = 10.0.40219.1
Project("{FAE04EC0-301F-11D3-BF4B-00C04F79EFBC}") = "DataModeling", "DataModeling\DataModeling.csproj", "{5926E95F-9A35-4ABA-ADDF-6EF8545ECF7C}"
EndProject
Global
	GlobalSection(SolutionConfigurationPlatforms) = preSolution
		Debug|Any CPU = Debug|Any CPU
		Release|Any CPU = Release|Any CPU
	EndGlobalSection
	GlobalSection(ProjectConfigurationPlatforms) = postSolution
		{5926E95F-9A35-4ABA-ADDF-6EF8545ECF7C}.Debug|Any CPU.ActiveCfg = Debug|Any CPU
		{5926E95F-9A35-4ABA-ADDF-6EF8545ECF7C}.Debug|Any CPU.Build.0 = Debug|Any CPU
		{5926E95F-9A35-4ABA-ADDF-6EF8545ECF7C}.Release|Any CPU.ActiveCfg = Release|Any CPU
		{5926E95F-9A35-4ABA-ADDF-6EF8545ECF7C}.Release|Any CPU.Build.0 = Release|Any CPU
	EndGlobalSection
	GlobalSection(SolutionProperties) = preSolution
		HideSolutionNode = FALSE
	EndGlobalSection
	GlobalSection(ExtensibilityGlobals) = postSolution
		SolutionGuid = {13C2DDC1-0DDD-44B2-8B54-871D734372B1}
	EndGlobalSection
EndGlobal
